[[package]]
name = "bitarray"
version = "2.4.1"
description = "efficient arrays of booleans -- C extension"
category = "main"
optional = false
python-versions = "*"

[[package]]
name = "tabulate"
version = "0.8.9"
description = "Pretty-print tabular data"
category = "main"
optional = false
python-versions = "*"

[package.extras]
widechars = ["wcwidth"]

[metadata]
lock-version = "1.1"
python-versions = "^3.8"
content-hash = "7404f115d4f6af4f139b2277dfae4bfce715271f441cfab18a03f3b103518f97"

[metadata.files]
bitarray = [
    {file = "bitarray-2.4.1-cp310-cp310-macosx_10_9_universal2.whl", hash = "sha256:c986ed73054706a4520e0e40bfc0eab733d7ac888fa01b6f986ae675bd1ae01b"},
    {file = "bitarray-2.4.1-cp310-cp310-macosx_10_9_x86_64.whl", hash = "sha256:5e5ea88b023d1d9850a76dca7ea33ddd10e1a4dc19344928c430dae37c2f13d9"},
    {file = "bitarray-2.4.1-cp310-cp310-macosx_11_0_arm64.whl", hash = "sha256:39e47b8125244e48ee9dd01d1ee790775a887a0c803c6edf4026ed83ed8ce4b6"},
    {file = "bitarray-2.4.1-cp310-cp310-manylinux_2_17_aarch64.manylinux2014_aarch64.whl", hash = "sha256:70342e166fbae13071320257dac3899ad7a0a8e2a697404af30fa5f59609b03f"},
    {file = "bitarray-2.4.1-cp310-cp310-manylinux_2_17_ppc64le.manylinux2014_ppc64le.whl", hash = "sha256:1e6abfc1969f41abd764c9cb421d59bcdd7b0761b81fc433532ad511a1730355"},
    {file = "bitarray-2.4.1-cp310-cp310-manylinux_2_17_s390x.manylinux2014_s390x.whl", hash = "sha256:ce835deeba8c3341bed57f2aa02687d91cd013f90925bbb033ef6d29dfd5a301"},
    {file = "bitarray-2.4.1-cp310-cp310-manylinux_2_17_x86_64.manylinux2014_x86_64.whl", hash = "sha256:82f9eb3c7ccf15225cab14cb745e39814b5fe512788303270707f509a64850c5"},
    {file = "bitarray-2.4.1-cp310-cp310-manylinux_2_5_i686.manylinux1_i686.manylinux_2_17_i686.manylinux2014_i686.whl", hash = "sha256:4186660099e7b7ddfb6278897d9d7d2cd223b460f1646ab3c30207d7e6412654"},
    {file = "bitarray-2.4.1-cp310-cp310-musllinux_1_1_aarch64.whl", hash = "sha256:99c16c176bbe709d699981dd3a94778ee5179dfff34c77458a8d29da82529553"},
    {file = "bitarray-2.4.1-cp310-cp310-musllinux_1_1_i686.whl", hash = "sha256:d8e672472109425b03ddcd2ff7eaef6a3f2a3a4fd6113db185f3bcaa0db7c246"},
    {file = "bitarray-2.4.1-cp310-cp310-musllinux_1_1_ppc64le.whl", hash = "sha256:e6b6980aa4efaf5e12d58f3728c6756b9a3895ddc3ab29c07a86cbc527b3ee91"},
    {file = "bitarray-2.4.1-cp310-cp310-musllinux_1_1_s390x.whl", hash = "sha256:10479f6c795302d014677eeb56ec5be90e64f04500c38fec6b9712b5e0bc8593"},
    {file = "bitarray-2.4.1-cp310-cp310-musllinux_1_1_x86_64.whl", hash = "sha256:81e77a65b04114cd8f5665d0fc1a2f84f916c5cc65e9d112a21588f3b26d2180"},
    {file = "bitarray-2.4.1-cp310-cp310-win32.whl", hash = "sha256:a09c7acc6c59e39dc12cfbe43c5e84f1482e57831df97b5433951f867baca1d1"},
    {file = "bitarray-2.4.1-cp310-cp310-win_amd64.whl", hash = "sha256:9cfd809859e81a7fc11b7d7679b63d9f95e45289dc8ef7fecf573e0385c6b590"},
    {file = "bitarray-2.4.1-cp36-cp36m-macosx_10_9_x86_64.whl", hash = "sha256:ebda73921e4eb8fcd295209906a82917e17e6ded438bb3cb4255e29556393d34"},
    {file = "bitarray-2.4.1-cp36-cp36m-manylinux_2_17_aarch64.manylinux2014_aarch64.whl", hash = "sha256:a517ce706fb1ea49c0fed083068ff9bd13c1101245952a3522213935b673deca"},
    {file = "bitarray-2.4.1-cp36-cp36m-manylinux_2_17_ppc64le.manylinux2014_ppc64le.whl", hash = "sha256:9cf70d802b71e9867337b1d66b058c20b25fc260d3226683231c314864f5fe14"},
    {file = "bitarray-2.4.1-cp36-cp36m-manylinux_2_17_s390x.manylinux2014_s390x.whl", hash = "sha256:0266da3e2b69a0e83594518f2e8be0e3c710733be376460b04f4f32db9915553"},
    {file = "bitarray-2.4.1-cp36-cp36m-manylinux_2_17_x86_64.manylinux2014_x86_64.whl", hash = "sha256:b233f07264b608dd39a7db52c08436206bc0cb9fffabe9d1bfe0fb344f66aa3e"},
    {file = "bitarray-2.4.1-cp36-cp36m-manylinux_2_5_i686.manylinux1_i686.manylinux_2_17_i686.manylinux2014_i686.whl", hash = "sha256:7c727ece52069ec7181490027f777941db488627c53744e948646329175d55ae"},
    {file = "bitarray-2.4.1-cp36-cp36m-musllinux_1_1_aarch64.whl", hash = "sha256:056d1898bc0e4069e0e2ed019d33298e6fea5777cb51c76aaf666c61a940ff3c"},
    {file = "bitarray-2.4.1-cp36-cp36m-musllinux_1_1_i686.whl", hash = "sha256:c99925e2e4e87da227297439aae2d879644d57c87141293a163c88a7a8d6c5b4"},
    {file = "bitarray-2.4.1-cp36-cp36m-musllinux_1_1_ppc64le.whl", hash = "sha256:57e09bdaa3fe46a5db8f7ede58339df14bbbb04fcdc01958cdb03135c4debdfb"},
    {file = "bitarray-2.4.1-cp36-cp36m-musllinux_1_1_s390x.whl", hash = "sha256:a579c5501a2587bc228e045b020854934da5ee0745afb35c7aa1045df0719073"},
    {file = "bitarray-2.4.1-cp36-cp36m-musllinux_1_1_x86_64.whl", hash = "sha256:ac33b1f6647a28f05fff1996b9e0ecfeff01006afeff901515c77e75eb5d8beb"},
    {file = "bitarray-2.4.1-cp36-cp36m-win32.whl", hash = "sha256:4d88b09eb6a0760c41a99c34d92cf0af1b4dbda90b7ed7751137c0e42618cccf"},
    {file = "bitarray-2.4.1-cp36-cp36m-win_amd64.whl", hash = "sha256:1ff58f910aac14bcf64875a409a17d1dece3fe1d9a43b4f576d75db00d4e8560"},
    {file = "bitarray-2.4.1-cp37-cp37m-macosx_10_9_x86_64.whl", hash = "sha256:c88d0a14aa181066f65478401e8bcd1e631652fd5b2d02c2fc74b2e4d328ed5f"},
    {file = "bitarray-2.4.1-cp37-cp37m-manylinux_2_17_aarch64.manylinux2014_aarch64.whl", hash = "sha256:e3aebd4045dae28ba3ed7ace8ef8315c894de908cc86edfbcfcf9e8c1b6301f1"},
    {file = "bitarray-2.4.1-cp37-cp37m-manylinux_2_17_ppc64le.manylinux2014_ppc64le.whl", hash = "sha256:05b873f2070abe4f3c44f1bb1b95549629f790184cabf2435c12b1637a45d790"},
    {file = "bitarray-2.4.1-cp37-cp37m-manylinux_2_17_s390x.manylinux2014_s390x.whl", hash = "sha256:efabf024517c4024e64d825b4741c01d6c6a4d45eea22cb4ecd3cae28c41e6ea"},
    {file = "bitarray-2.4.1-cp37-cp37m-manylinux_2_17_x86_64.manylinux2014_x86_64.whl", hash = "sha256:3148b4794bbc58db457c5852f99da7a4715ee77a67e1c7b4b38c860ef32af561"},
    {file = "bitarray-2.4.1-cp37-cp37m-manylinux_2_5_i686.manylinux1_i686.manylinux_2_17_i686.manylinux2014_i686.whl", hash = "sha256:655ba9ccc5a8f4c80054d8ff089b2a87628b708c74826196899a66d68d340a3e"},
    {file = "bitarray-2.4.1-cp37-cp37m-musllinux_1_1_aarch64.whl", hash = "sha256:e9057381af0cda0d90dc6396bf55298d0cd6af8d331a46cd71cb1bed791be5ca"},
    {file = "bitarray-2.4.1-cp37-cp37m-musllinux_1_1_i686.whl", hash = "sha256:f34c74b09d61c82668cd3483f8da00ee271887de18e9c2db3d7f50d342bdb2c3"},
    {file = "bitarray-2.4.1-cp37-cp37m-musllinux_1_1_ppc64le.whl", hash = "sha256:871da93c8db7cba2aed91cde9155cdac9e2b19820f1a125afa298f86c7796713"},
    {file = "bitarray-2.4.1-cp37-cp37m-musllinux_1_1_s390x.whl", hash = "sha256:0ba2a7fca0c3a8bb8da374ccb8dc93c30cf43e7e49338844a3012cf164aa851d"},
    {file = "bitarray-2.4.1-cp37-cp37m-musllinux_1_1_x86_64.whl", hash = "sha256:f80dae48a6644cd10548252363089bf631b5af2a2d3eb6fa7da6c19813e92966"},
    {file = "bitarray-2.4.1-cp37-cp37m-win32.whl", hash = "sha256:ea5b65469aca8ba5606372abac82111cbb80bfc3f7d65d1044383b3e3952e54b"},
    {file = "bitarray-2.4.1-cp37-cp37m-win_amd64.whl", hash = "sha256:728c44ab4c833b8cd9f219e7348776c0e45e8b9b6149a0beeae8fbb196c5a7d7"},
    {file = "bitarray-2.4.1-cp38-cp38-macosx_10_9_universal2.whl", hash = "sha256:6b5770d8afb3ca0b996888e97e926b497a3c00d44a89fddfcae62405c01ca48b"},
    {file = "bitarray-2.4.1-cp38-cp38-macosx_10_9_x86_64.whl", hash = "sha256:77c0a681c3d7945ec86c9cff39e2751b2fbd431c06f8be55b6024b023ebd8113"},
    {file = "bitarray-2.4.1-cp38-cp38-macosx_11_0_arm64.whl", hash = "sha256:70edf29ee88301efe03fa4961a07a63a1e699c5a52bd28bee171265dcf5abca9"},
    {file = "bitarray-2.4.1-cp38-cp38-manylinux_2_17_aarch64.manylinux2014_aarch64.whl", hash = "sha256:0e366e939d6664e9852b03ea4b9f047d9f37d6894ba5dd7db8ee56e1250d7a90"},
    {file = "bitarray-2.4.1-cp38-cp38-manylinux_2_17_ppc64le.manylinux2014_ppc64le.whl", hash = "sha256:c84c4dec5c3212b650403bafd6c67254ac31157485eb0dec4e83f42057b9f96d"},
    {file = "bitarray-2.4.1-cp38-cp38-manylinux_2_17_s390x.manylinux2014_s390x.whl", hash = "sha256:68e8f6241a0ddacaac7a1e6cc4d086a03775e08bd6e8993d71095d5adc5cceb6"},
    {file = "bitarray-2.4.1-cp38-cp38-manylinux_2_17_x86_64.manylinux2014_x86_64.whl", hash = "sha256:8a18aa5240b18de40613c27a847483b8cfda1c29fe1738049e6513cbef2f46fb"},
    {file = "bitarray-2.4.1-cp38-cp38-manylinux_2_5_i686.manylinux1_i686.manylinux_2_17_i686.manylinux2014_i686.whl", hash = "sha256:913b2290ace76e5d59fb26fc98dac6101b917324d3ad249932a0721d20b1c1a4"},
    {file = "bitarray-2.4.1-cp38-cp38-musllinux_1_1_aarch64.whl", hash = "sha256:404ac056e6539cb2c9666b8792921c8a33b50032a0e36934be2e8692512bf930"},
    {file = "bitarray-2.4.1-cp38-cp38-musllinux_1_1_i686.whl", hash = "sha256:f914aff9cfc5cde97ff5ad55acc127870a056ed9abdad0f3e301a7f59efd4be8"},
    {file = "bitarray-2.4.1-cp38-cp38-musllinux_1_1_ppc64le.whl", hash = "sha256:92e4ced145cfab3396069f87209e60dcd48e63b1168398e3544f63b3c8b83edd"},
    {file = "bitarray-2.4.1-cp38-cp38-musllinux_1_1_s390x.whl", hash = "sha256:4f1b9ec29b1ace5efca695338ab66e5c1015be00360d186b83c7c855ba4686bd"},
    {file = "bitarray-2.4.1-cp38-cp38-musllinux_1_1_x86_64.whl", hash = "sha256:aee976dbec4a47fd8027530e71d9850757f11bce735859b9a4581f61ee54ccb9"},
    {file = "bitarray-2.4.1-cp38-cp38-win32.whl", hash = "sha256:878a8f4cb2413b28d745e4fc16d741021ad68dfabe03cb1f26a569eeafa3da3d"},
    {file = "bitarray-2.4.1-cp38-cp38-win_amd64.whl", hash = "sha256:5ed21d59bffd8ac192d01e935e05e3376ad85a6db0b3ae9ecd57cbe8d768a903"},
    {file = "bitarray-2.4.1-cp39-cp39-macosx_10_9_universal2.whl", hash = "sha256:ee347d039f10ef624845d087e66950e9d913a1f9b37e3d0c2d71dfdcd7822e16"},
    {file = "bitarray-2.4.1-cp39-cp39-macosx_10_9_x86_64.whl", hash = "sha256:2364b6af6d5900732dbc56f4b623ccf0cd8534c393939620edd2689ead4c5365"},
    {file = "bitarray-2.4.1-cp39-cp39-macosx_11_0_arm64.whl", hash = "sha256:2d3331c2a37278f3f8c3669c1d99a6132d524490fb5c6415450af881d885510c"},
    {file = "bitarray-2.4.1-cp39-cp39-manylinux_2_17_aarch64.manylinux2014_aarch64.whl", hash = "sha256:408f769ea8b28a523f86ac2ccebec2b3712e3084d020467bb7db865913fcba10"},
    {file = "bitarray-2.4.1-cp39-cp39-manylinux_2_17_ppc64le.manylinux2014_ppc64le.whl", hash = "sha256:1ed8a77a7084bd6ff5da4a926ec6daa1968fbdf04a7fb970231d9bc219c11f8d"},
    {file = "bitarray-2.4.1-cp39-cp39-manylinux_2_17_s390x.manylinux2014_s390x.whl", hash = "sha256:5b98b551d01a149a3756eeeb66769b5da5dd7fc6574dbf2ad1881efd2094b3a1"},
    {file = "bitarray-2.4.1-cp39-cp39-manylinux_2_17_x86_64.manylinux2014_x86_64.whl", hash = "sha256:72b86e634f13cd9014e3d17ea224834ef3a4bd8220e45239b11b7e0543545718"},
    {file = "bitarray-2.4.1-cp39-cp39-manylinux_2_5_i686.manylinux1_i686.manylinux_2_17_i686.manylinux2014_i686.whl", hash = "sha256:02807aaf75b2a2c268f2959f40b9afd2f943dc615883616413f2d385cbf0454f"},
    {file = "bitarray-2.4.1-cp39-cp39-musllinux_1_1_aarch64.whl", hash = "sha256:b2ffcbe5cf97a118f36d5065043e7ecc16246e40545b31929d7582fce256064d"},
    {file = "bitarray-2.4.1-cp39-cp39-musllinux_1_1_i686.whl", hash = "sha256:eb12494f5b8a9849f0c76c1e8b6e9287096ccb19b2a4b596f5fb1adcf709c8a2"},
    {file = "bitarray-2.4.1-cp39-cp39-musllinux_1_1_ppc64le.whl", hash = "sha256:8673229b706638ca6b1ab7e2ccee6e20736ec0caa39b4e095749429bbb57675a"},
    {file = "bitarray-2.4.1-cp39-cp39-musllinux_1_1_s390x.whl", hash = "sha256:e85ad843a7ebd526ab8dd3cf7bdf5f65013a42463a96946b7b30854a82f57d44"},
    {file = "bitarray-2.4.1-cp39-cp39-musllinux_1_1_x86_64.whl", hash = "sha256:5abe2f63f49431eff708086df50132cd8a19089f22ad9fc45e2e8922aa0b61fa"},
    {file = "bitarray-2.4.1-cp39-cp39-win32.whl", hash = "sha256:98fbb749fa4047fa2e1049aa0cde4f6020defd2b40ed8bf31dd1f2c1ef07e416"},
    {file = "bitarray-2.4.1-cp39-cp39-win_amd64.whl", hash = "sha256:57f52f9f5fcd086961c6055337e22d4ea5ce442fd7b8a101e25cd4a6059069d5"},
    {file = "bitarray-2.4.1.tar.gz", hash = "sha256:faeca03f979e992cc76f7406af7eb9795cb111b8d8969c891a032bd7497c87da"},
]
tabulate = [
    {file = "tabulate-0.8.9-py3-none-any.whl", hash = "sha256:d7c013fe7abbc5e491394e10fa845f8f32fe54f8dc60c6622c6cf482d25d47e4"},
    {file = "tabulate-0.8.9.tar.gz", hash = "sha256:eb1d13f25760052e8931f2ef80aaf6045a6cceb47514db8beab24cded16f13a7"},
]
